// !$*UTF8*$!
{
	archiveVersion = 1;
	classes = {
	};
	objectVersion = 55;
	objects = {

/* Begin PBXBuildFile section */
		B11804378836A640A2650CA7 /* Pods_Instgram.framework in Frameworks */ = {isa = PBXBuildFile; fileRef = C7C150B20C883C3979270C29 /* Pods_Instgram.framework */; };
		EE4FC888275DE3920002ED89 /* AppDelegate.swift in Sources */ = {isa = PBXBuildFile; fileRef = EE4FC887275DE3920002ED89 /* AppDelegate.swift */; };
		EE4FC88A275DE3920002ED89 /* SceneDelegate.swift in Sources */ = {isa = PBXBuildFile; fileRef = EE4FC889275DE3920002ED89 /* SceneDelegate.swift */; };
		EE4FC88C275DE3920002ED89 /* ViewController.swift in Sources */ = {isa = PBXBuildFile; fileRef = EE4FC88B275DE3920002ED89 /* ViewController.swift */; };
		EE4FC88F275DE3920002ED89 /* Main.storyboard in Resources */ = {isa = PBXBuildFile; fileRef = EE4FC88D275DE3920002ED89 /* Main.storyboard */; };
		EE4FC891275DE3960002ED89 /* Assets.xcassets in Resources */ = {isa = PBXBuildFile; fileRef = EE4FC890275DE3960002ED89 /* Assets.xcassets */; };
		EE4FC894275DE3960002ED89 /* LaunchScreen.storyboard in Resources */ = {isa = PBXBuildFile; fileRef = EE4FC892275DE3960002ED89 /* LaunchScreen.storyboard */; };
		EE4FC8A2275DE6270002ED89 /* MainTabController.swift in Sources */ = {isa = PBXBuildFile; fileRef = EE4FC8A1275DE6270002ED89 /* MainTabController.swift */; };
		EE4FC8A4275DEAF60002ED89 /* FeedController.swift in Sources */ = {isa = PBXBuildFile; fileRef = EE4FC8A3275DEAF60002ED89 /* FeedController.swift */; };
		EE4FC8A6275E16F30002ED89 /* SearchController.swift in Sources */ = {isa = PBXBuildFile; fileRef = EE4FC8A5275E16F30002ED89 /* SearchController.swift */; };
		EE4FC8A8275E17450002ED89 /* ImageSelectorController.swift in Sources */ = {isa = PBXBuildFile; fileRef = EE4FC8A7275E17450002ED89 /* ImageSelectorController.swift */; };
		EE4FC8AA275E17DE0002ED89 /* NotificationsController.swift in Sources */ = {isa = PBXBuildFile; fileRef = EE4FC8A9275E17DE0002ED89 /* NotificationsController.swift */; };
		EE4FC8AC275E182C0002ED89 /* ProfileController.swift in Sources */ = {isa = PBXBuildFile; fileRef = EE4FC8AB275E182C0002ED89 /* ProfileController.swift */; };
		EE5CDB1D2762657C0002F4EE /* ProfileCell.swift in Sources */ = {isa = PBXBuildFile; fileRef = EE5CDB1C2762657C0002F4EE /* ProfileCell.swift */; };
		EE5CDB1F276265A90002F4EE /* ProfileHeader.swift in Sources */ = {isa = PBXBuildFile; fileRef = EE5CDB1E276265A90002F4EE /* ProfileHeader.swift */; };
		EE5DB562276737C400F8A740 /* CommentController.swift in Sources */ = {isa = PBXBuildFile; fileRef = EE5DB561276737C400F8A740 /* CommentController.swift */; };
		EE5DB56427673CA300F8A740 /* CommentCell.swift in Sources */ = {isa = PBXBuildFile; fileRef = EE5DB56327673CA300F8A740 /* CommentCell.swift */; };
		EE6014FB2769F8B2008A5073 /* Notification.swift in Sources */ = {isa = PBXBuildFile; fileRef = EE6014FA2769F8B2008A5073 /* Notification.swift */; };
		EE6014FD2769FDFC008A5073 /* NotificationService.swift in Sources */ = {isa = PBXBuildFile; fileRef = EE6014FC2769FDFC008A5073 /* NotificationService.swift */; };
		EE60809027675C260047D107 /* CommentInputAccesoryView.swift in Sources */ = {isa = PBXBuildFile; fileRef = EE60808F27675C260047D107 /* CommentInputAccesoryView.swift */; };
		EE609CE52769DA46004A16B6 /* NotificationCell.swift in Sources */ = {isa = PBXBuildFile; fileRef = EE609CE42769DA46004A16B6 /* NotificationCell.swift */; };
		EE621D20276375FC0060196B /* UserCell.swift in Sources */ = {isa = PBXBuildFile; fileRef = EE621D1F276375FC0060196B /* UserCell.swift */; };
		EE621D222763A7840060196B /* UserCellViewModel.swift in Sources */ = {isa = PBXBuildFile; fileRef = EE621D212763A7840060196B /* UserCellViewModel.swift */; };
		EE70D534275F409000ADF018 /* FeedCell.swift in Sources */ = {isa = PBXBuildFile; fileRef = EE70D533275F409000ADF018 /* FeedCell.swift */; };
		EE70D536275F448F00ADF018 /* Extensions.swift in Sources */ = {isa = PBXBuildFile; fileRef = EE70D535275F448F00ADF018 /* Extensions.swift */; };
		EE7456FD276892B300B0CEF3 /* CommentService.swift in Sources */ = {isa = PBXBuildFile; fileRef = EE7456FC276892B300B0CEF3 /* CommentService.swift */; };
		EE7456FF2768B08F00B0CEF3 /* Comment.swift in Sources */ = {isa = PBXBuildFile; fileRef = EE7456FE2768B08F00B0CEF3 /* Comment.swift */; };
		EE7457012768BC5F00B0CEF3 /* CommentViewModel.swift in Sources */ = {isa = PBXBuildFile; fileRef = EE7457002768BC5F00B0CEF3 /* CommentViewModel.swift */; };
		EE76DD772765CC2900DA481A /* PostService.swift in Sources */ = {isa = PBXBuildFile; fileRef = EE76DD762765CC2900DA481A /* PostService.swift */; };
		EE76DD792765E50500DA481A /* Post.swift in Sources */ = {isa = PBXBuildFile; fileRef = EE76DD782765E50500DA481A /* Post.swift */; };
		EE76DD7B2765EDD200DA481A /* PostViewModel.swift in Sources */ = {isa = PBXBuildFile; fileRef = EE76DD7A2765EDD200DA481A /* PostViewModel.swift */; };
		EE7A6D7C27632BDA00B1D714 /* UserService.swift in Sources */ = {isa = PBXBuildFile; fileRef = EE7A6D7B27632BDA00B1D714 /* UserService.swift */; };
		EE7A6D7E27632C4E00B1D714 /* Constants.swift in Sources */ = {isa = PBXBuildFile; fileRef = EE7A6D7D27632C4E00B1D714 /* Constants.swift */; };
		EE7A6D802763342800B1D714 /* User.swift in Sources */ = {isa = PBXBuildFile; fileRef = EE7A6D7F2763342800B1D714 /* User.swift */; };
		EE7A6D8227633C4100B1D714 /* PrfileHeaderViewModel.swift in Sources */ = {isa = PBXBuildFile; fileRef = EE7A6D8127633C4100B1D714 /* PrfileHeaderViewModel.swift */; };
		EE8060FD275FC580007B2A95 /* LoginController.swift in Sources */ = {isa = PBXBuildFile; fileRef = EE8060FC275FC580007B2A95 /* LoginController.swift */; };
		EE8060FF275FC5DD007B2A95 /* RegistrationController.swift in Sources */ = {isa = PBXBuildFile; fileRef = EE8060FE275FC5DD007B2A95 /* RegistrationController.swift */; };
		EE806101275FDE28007B2A95 /* CustomTextField.swift in Sources */ = {isa = PBXBuildFile; fileRef = EE806100275FDE28007B2A95 /* CustomTextField.swift */; };
		EE80BA0827651743009F4C07 /* UploadPostController.swift in Sources */ = {isa = PBXBuildFile; fileRef = EE80BA0727651743009F4C07 /* UploadPostController.swift */; };
		EE80BA0A27651EE3009F4C07 /* InputTextView.swift in Sources */ = {isa = PBXBuildFile; fileRef = EE80BA0927651EE3009F4C07 /* InputTextView.swift */; };
		EEA1A8A2276093B6007C8E2A /* AuthenticationViewModel.swift in Sources */ = {isa = PBXBuildFile; fileRef = EEA1A8A1276093B6007C8E2A /* AuthenticationViewModel.swift */; };
		EEA1A8A42760CF43007C8E2A /* GoogleService-Info.plist in Resources */ = {isa = PBXBuildFile; fileRef = EEA1A8A32760CF43007C8E2A /* GoogleService-Info.plist */; };
		EEA1A8A82760F149007C8E2A /* ImageUploader.swift in Sources */ = {isa = PBXBuildFile; fileRef = EEA1A8A72760F149007C8E2A /* ImageUploader.swift */; };
		EEA1A8AA2760F174007C8E2A /* AuthService.swift in Sources */ = {isa = PBXBuildFile; fileRef = EEA1A8A92760F174007C8E2A /* AuthService.swift */; };
/* End PBXBuildFile section */

/* Begin PBXFileReference section */
		603842DBC8D1961474377733 /* Pods-Instgram.debug.xcconfig */ = {isa = PBXFileReference; includeInIndex = 1; lastKnownFileType = text.xcconfig; name = "Pods-Instgram.debug.xcconfig"; path = "Target Support Files/Pods-Instgram/Pods-Instgram.debug.xcconfig"; sourceTree = "<group>"; };
		8C043A53434C569AB07E22FF /* Pods-Instgram.release.xcconfig */ = {isa = PBXFileReference; includeInIndex = 1; lastKnownFileType = text.xcconfig; name = "Pods-Instgram.release.xcconfig"; path = "Target Support Files/Pods-Instgram/Pods-Instgram.release.xcconfig"; sourceTree = "<group>"; };
		C7C150B20C883C3979270C29 /* Pods_Instgram.framework */ = {isa = PBXFileReference; explicitFileType = wrapper.framework; includeInIndex = 0; path = Pods_Instgram.framework; sourceTree = BUILT_PRODUCTS_DIR; };
		EE4FC884275DE3920002ED89 /* Instgram.app */ = {isa = PBXFileReference; explicitFileType = wrapper.application; includeInIndex = 0; path = Instgram.app; sourceTree = BUILT_PRODUCTS_DIR; };
		EE4FC887275DE3920002ED89 /* AppDelegate.swift */ = {isa = PBXFileReference; lastKnownFileType = sourcecode.swift; path = AppDelegate.swift; sourceTree = "<group>"; };
		EE4FC889275DE3920002ED89 /* SceneDelegate.swift */ = {isa = PBXFileReference; lastKnownFileType = sourcecode.swift; path = SceneDelegate.swift; sourceTree = "<group>"; };
		EE4FC88B275DE3920002ED89 /* ViewController.swift */ = {isa = PBXFileReference; lastKnownFileType = sourcecode.swift; path = ViewController.swift; sourceTree = "<group>"; };
		EE4FC88E275DE3920002ED89 /* Base */ = {isa = PBXFileReference; lastKnownFileType = file.storyboard; name = Base; path = Base.lproj/Main.storyboard; sourceTree = "<group>"; };
		EE4FC890275DE3960002ED89 /* Assets.xcassets */ = {isa = PBXFileReference; lastKnownFileType = folder.assetcatalog; path = Assets.xcassets; sourceTree = "<group>"; };
		EE4FC893275DE3960002ED89 /* Base */ = {isa = PBXFileReference; lastKnownFileType = file.storyboard; name = Base; path = Base.lproj/LaunchScreen.storyboard; sourceTree = "<group>"; };
		EE4FC895275DE3960002ED89 /* Info.plist */ = {isa = PBXFileReference; lastKnownFileType = text.plist.xml; path = Info.plist; sourceTree = "<group>"; };
		EE4FC8A1275DE6270002ED89 /* MainTabController.swift */ = {isa = PBXFileReference; lastKnownFileType = sourcecode.swift; path = MainTabController.swift; sourceTree = "<group>"; };
		EE4FC8A3275DEAF60002ED89 /* FeedController.swift */ = {isa = PBXFileReference; lastKnownFileType = sourcecode.swift; path = FeedController.swift; sourceTree = "<group>"; };
		EE4FC8A5275E16F30002ED89 /* SearchController.swift */ = {isa = PBXFileReference; lastKnownFileType = sourcecode.swift; path = SearchController.swift; sourceTree = "<group>"; };
		EE4FC8A7275E17450002ED89 /* ImageSelectorController.swift */ = {isa = PBXFileReference; lastKnownFileType = sourcecode.swift; path = ImageSelectorController.swift; sourceTree = "<group>"; };
		EE4FC8A9275E17DE0002ED89 /* NotificationsController.swift */ = {isa = PBXFileReference; lastKnownFileType = sourcecode.swift; path = NotificationsController.swift; sourceTree = "<group>"; };
		EE4FC8AB275E182C0002ED89 /* ProfileController.swift */ = {isa = PBXFileReference; lastKnownFileType = sourcecode.swift; path = ProfileController.swift; sourceTree = "<group>"; };
		EE5CDB1C2762657C0002F4EE /* ProfileCell.swift */ = {isa = PBXFileReference; lastKnownFileType = sourcecode.swift; path = ProfileCell.swift; sourceTree = "<group>"; };
		EE5CDB1E276265A90002F4EE /* ProfileHeader.swift */ = {isa = PBXFileReference; lastKnownFileType = sourcecode.swift; path = ProfileHeader.swift; sourceTree = "<group>"; };
		EE5DB561276737C400F8A740 /* CommentController.swift */ = {isa = PBXFileReference; lastKnownFileType = sourcecode.swift; path = CommentController.swift; sourceTree = "<group>"; };
		EE5DB56327673CA300F8A740 /* CommentCell.swift */ = {isa = PBXFileReference; lastKnownFileType = sourcecode.swift; path = CommentCell.swift; sourceTree = "<group>"; };
		EE6014FA2769F8B2008A5073 /* Notification.swift */ = {isa = PBXFileReference; lastKnownFileType = sourcecode.swift; path = Notification.swift; sourceTree = "<group>"; };
		EE6014FC2769FDFC008A5073 /* NotificationService.swift */ = {isa = PBXFileReference; lastKnownFileType = sourcecode.swift; path = NotificationService.swift; sourceTree = "<group>"; };
		EE60808F27675C260047D107 /* CommentInputAccesoryView.swift */ = {isa = PBXFileReference; lastKnownFileType = sourcecode.swift; path = CommentInputAccesoryView.swift; sourceTree = "<group>"; };
		EE609CE42769DA46004A16B6 /* NotificationCell.swift */ = {isa = PBXFileReference; lastKnownFileType = sourcecode.swift; path = NotificationCell.swift; sourceTree = "<group>"; };
		EE621D1F276375FC0060196B /* UserCell.swift */ = {isa = PBXFileReference; lastKnownFileType = sourcecode.swift; path = UserCell.swift; sourceTree = "<group>"; };
		EE621D212763A7840060196B /* UserCellViewModel.swift */ = {isa = PBXFileReference; lastKnownFileType = sourcecode.swift; path = UserCellViewModel.swift; sourceTree = "<group>"; };
		EE70D533275F409000ADF018 /* FeedCell.swift */ = {isa = PBXFileReference; lastKnownFileType = sourcecode.swift; path = FeedCell.swift; sourceTree = "<group>"; };
		EE70D535275F448F00ADF018 /* Extensions.swift */ = {isa = PBXFileReference; lastKnownFileType = sourcecode.swift; path = Extensions.swift; sourceTree = "<group>"; };
		EE73D5CF2762114500D299AF /* Instgram.entitlements */ = {isa = PBXFileReference; lastKnownFileType = text.plist.entitlements; path = Instgram.entitlements; sourceTree = "<group>"; };
		EE7456FC276892B300B0CEF3 /* CommentService.swift */ = {isa = PBXFileReference; lastKnownFileType = sourcecode.swift; path = CommentService.swift; sourceTree = "<group>"; };
		EE7456FE2768B08F00B0CEF3 /* Comment.swift */ = {isa = PBXFileReference; lastKnownFileType = sourcecode.swift; path = Comment.swift; sourceTree = "<group>"; };
		EE7457002768BC5F00B0CEF3 /* CommentViewModel.swift */ = {isa = PBXFileReference; lastKnownFileType = sourcecode.swift; path = CommentViewModel.swift; sourceTree = "<group>"; };
		EE76DD762765CC2900DA481A /* PostService.swift */ = {isa = PBXFileReference; lastKnownFileType = sourcecode.swift; path = PostService.swift; sourceTree = "<group>"; };
		EE76DD782765E50500DA481A /* Post.swift */ = {isa = PBXFileReference; lastKnownFileType = sourcecode.swift; path = Post.swift; sourceTree = "<group>"; };
		EE76DD7A2765EDD200DA481A /* PostViewModel.swift */ = {isa = PBXFileReference; lastKnownFileType = sourcecode.swift; path = PostViewModel.swift; sourceTree = "<group>"; };
		EE7A6D7B27632BDA00B1D714 /* UserService.swift */ = {isa = PBXFileReference; lastKnownFileType = sourcecode.swift; path = UserService.swift; sourceTree = "<group>"; };
		EE7A6D7D27632C4E00B1D714 /* Constants.swift */ = {isa = PBXFileReference; lastKnownFileType = sourcecode.swift; path = Constants.swift; sourceTree = "<group>"; };
		EE7A6D7F2763342800B1D714 /* User.swift */ = {isa = PBXFileReference; lastKnownFileType = sourcecode.swift; path = User.swift; sourceTree = "<group>"; };
		EE7A6D8127633C4100B1D714 /* PrfileHeaderViewModel.swift */ = {isa = PBXFileReference; lastKnownFileType = sourcecode.swift; path = PrfileHeaderViewModel.swift; sourceTree = "<group>"; };
		EE8060FC275FC580007B2A95 /* LoginController.swift */ = {isa = PBXFileReference; lastKnownFileType = sourcecode.swift; path = LoginController.swift; sourceTree = "<group>"; };
		EE8060FE275FC5DD007B2A95 /* RegistrationController.swift */ = {isa = PBXFileReference; lastKnownFileType = sourcecode.swift; path = RegistrationController.swift; sourceTree = "<group>"; };
		EE806100275FDE28007B2A95 /* CustomTextField.swift */ = {isa = PBXFileReference; lastKnownFileType = sourcecode.swift; path = CustomTextField.swift; sourceTree = "<group>"; };
		EE80BA0727651743009F4C07 /* UploadPostController.swift */ = {isa = PBXFileReference; lastKnownFileType = sourcecode.swift; path = UploadPostController.swift; sourceTree = "<group>"; };
		EE80BA0927651EE3009F4C07 /* InputTextView.swift */ = {isa = PBXFileReference; lastKnownFileType = sourcecode.swift; path = InputTextView.swift; sourceTree = "<group>"; };
		EEA1A8A1276093B6007C8E2A /* AuthenticationViewModel.swift */ = {isa = PBXFileReference; lastKnownFileType = sourcecode.swift; path = AuthenticationViewModel.swift; sourceTree = "<group>"; };
		EEA1A8A32760CF43007C8E2A /* GoogleService-Info.plist */ = {isa = PBXFileReference; fileEncoding = 4; lastKnownFileType = text.plist.xml; path = "GoogleService-Info.plist"; sourceTree = "<group>"; };
		EEA1A8A72760F149007C8E2A /* ImageUploader.swift */ = {isa = PBXFileReference; lastKnownFileType = sourcecode.swift; path = ImageUploader.swift; sourceTree = "<group>"; };
		EEA1A8A92760F174007C8E2A /* AuthService.swift */ = {isa = PBXFileReference; lastKnownFileType = sourcecode.swift; path = AuthService.swift; sourceTree = "<group>"; };
/* End PBXFileReference section */

/* Begin PBXFrameworksBuildPhase section */
		EE4FC881275DE3920002ED89 /* Frameworks */ = {
			isa = PBXFrameworksBuildPhase;
			buildActionMask = 2147483647;
			files = (
				B11804378836A640A2650CA7 /* Pods_Instgram.framework in Frameworks */,
			);
			runOnlyForDeploymentPostprocessing = 0;
		};
/* End PBXFrameworksBuildPhase section */

/* Begin PBXGroup section */
		7F90845546C0AA1D49D37DCC /* Pods */ = {
			isa = PBXGroup;
			children = (
				603842DBC8D1961474377733 /* Pods-Instgram.debug.xcconfig */,
				8C043A53434C569AB07E22FF /* Pods-Instgram.release.xcconfig */,
			);
			path = Pods;
			sourceTree = "<group>";
		};
		EE4FC87B275DE3920002ED89 = {
			isa = PBXGroup;
			children = (
				EE4FC886275DE3920002ED89 /* Instgram */,
				EE4FC885275DE3920002ED89 /* Products */,
				7F90845546C0AA1D49D37DCC /* Pods */,
				F9E085EDDF8B217FE1158D70 /* Frameworks */,
			);
			sourceTree = "<group>";
		};
		EE4FC885275DE3920002ED89 /* Products */ = {
			isa = PBXGroup;
			children = (
				EE4FC884275DE3920002ED89 /* Instgram.app */,
			);
			name = Products;
			sourceTree = "<group>";
		};
		EE4FC886275DE3920002ED89 /* Instgram */ = {
			isa = PBXGroup;
			children = (
				EE73D5CF2762114500D299AF /* Instgram.entitlements */,
				EE4FC8A0275DE3E90002ED89 /* Model */,
				EE4FC89F275DE3E50002ED89 /* View */,
				EE4FC89E275DE3E00002ED89 /* ViewModel */,
				EE4FC89D275DE3DB0002ED89 /* Controller */,
				EE4FC89C275DE3CF0002ED89 /* API */,
				EE4FC89B275DE3A40002ED89 /* Utills */,
				EE4FC887275DE3920002ED89 /* AppDelegate.swift */,
				EE4FC889275DE3920002ED89 /* SceneDelegate.swift */,
				EE4FC88B275DE3920002ED89 /* ViewController.swift */,
				EE4FC88D275DE3920002ED89 /* Main.storyboard */,
				EE4FC890275DE3960002ED89 /* Assets.xcassets */,
				EE4FC892275DE3960002ED89 /* LaunchScreen.storyboard */,
				EEA1A8A32760CF43007C8E2A /* GoogleService-Info.plist */,
				EE4FC895275DE3960002ED89 /* Info.plist */,
			);
			path = Instgram;
			sourceTree = "<group>";
		};
		EE4FC89B275DE3A40002ED89 /* Utills */ = {
			isa = PBXGroup;
			children = (
				EE70D535275F448F00ADF018 /* Extensions.swift */,
				EE7A6D7D27632C4E00B1D714 /* Constants.swift */,
				EE80BA0927651EE3009F4C07 /* InputTextView.swift */,
			);
			path = Utills;
			sourceTree = "<group>";
		};
		EE4FC89C275DE3CF0002ED89 /* API */ = {
			isa = PBXGroup;
			children = (
				EEA1A8A72760F149007C8E2A /* ImageUploader.swift */,
				EEA1A8A92760F174007C8E2A /* AuthService.swift */,
				EE7A6D7B27632BDA00B1D714 /* UserService.swift */,
				EE76DD762765CC2900DA481A /* PostService.swift */,
				EE7456FC276892B300B0CEF3 /* CommentService.swift */,
				EE6014FC2769FDFC008A5073 /* NotificationService.swift */,
			);
			path = API;
			sourceTree = "<group>";
		};
		EE4FC89D275DE3DB0002ED89 /* Controller */ = {
			isa = PBXGroup;
			children = (
				EE8060FB275FC489007B2A95 /* Antifkishan */,
				EE4FC8A1275DE6270002ED89 /* MainTabController.swift */,
				EE4FC8A3275DEAF60002ED89 /* FeedController.swift */,
				EE4FC8A5275E16F30002ED89 /* SearchController.swift */,
				EE4FC8A7275E17450002ED89 /* ImageSelectorController.swift */,
				EE4FC8A9275E17DE0002ED89 /* NotificationsController.swift */,
				EE4FC8AB275E182C0002ED89 /* ProfileController.swift */,
				EE80BA0727651743009F4C07 /* UploadPostController.swift */,
				EE5DB561276737C400F8A740 /* CommentController.swift */,
			);
			path = Controller;
			sourceTree = "<group>";
		};
		EE4FC89E275DE3E00002ED89 /* ViewModel */ = {
			isa = PBXGroup;
			children = (
				EEA1A8A1276093B6007C8E2A /* AuthenticationViewModel.swift */,
				EE7A6D8127633C4100B1D714 /* PrfileHeaderViewModel.swift */,
				EE621D212763A7840060196B /* UserCellViewModel.swift */,
				EE76DD7A2765EDD200DA481A /* PostViewModel.swift */,
				EE7457002768BC5F00B0CEF3 /* CommentViewModel.swift */,
			);
			path = ViewModel;
			sourceTree = "<group>";
		};
		EE4FC89F275DE3E50002ED89 /* View */ = {
			isa = PBXGroup;
			children = (
				EE70D533275F409000ADF018 /* FeedCell.swift */,
				EE806100275FDE28007B2A95 /* CustomTextField.swift */,
				EE621D1F276375FC0060196B /* UserCell.swift */,
				EE5DB56327673CA300F8A740 /* CommentCell.swift */,
				EE60808F27675C260047D107 /* CommentInputAccesoryView.swift */,
				EE609CE42769DA46004A16B6 /* NotificationCell.swift */,
			);
			path = View;
			sourceTree = "<group>";
		};
		EE4FC8A0275DE3E90002ED89 /* Model */ = {
			isa = PBXGroup;
			children = (
				EE7A6D7F2763342800B1D714 /* User.swift */,
				EE76DD782765E50500DA481A /* Post.swift */,
				EE7456FE2768B08F00B0CEF3 /* Comment.swift */,
				EE5CDB20276265BB0002F4EE /* Profile */,
				EE6014FA2769F8B2008A5073 /* Notification.swift */,
			);
			path = Model;
			sourceTree = "<group>";
		};
		EE5CDB20276265BB0002F4EE /* Profile */ = {
			isa = PBXGroup;
			children = (
				EE5CDB1C2762657C0002F4EE /* ProfileCell.swift */,
				EE5CDB1E276265A90002F4EE /* ProfileHeader.swift */,
			);
			path = Profile;
			sourceTree = "<group>";
		};
		EE8060FB275FC489007B2A95 /* Antifkishan */ = {
			isa = PBXGroup;
			children = (
				EE8060FC275FC580007B2A95 /* LoginController.swift */,
				EE8060FE275FC5DD007B2A95 /* RegistrationController.swift */,
			);
			path = Antifkishan;
			sourceTree = "<group>";
		};
		F9E085EDDF8B217FE1158D70 /* Frameworks */ = {
			isa = PBXGroup;
			children = (
				C7C150B20C883C3979270C29 /* Pods_Instgram.framework */,
			);
			name = Frameworks;
			sourceTree = "<group>";
		};
/* End PBXGroup section */

/* Begin PBXNativeTarget section */
		EE4FC883275DE3920002ED89 /* Instgram */ = {
			isa = PBXNativeTarget;
			buildConfigurationList = EE4FC898275DE3960002ED89 /* Build configuration list for PBXNativeTarget "Instgram" */;
			buildPhases = (
				BF08F664126E94F617710AA0 /* [CP] Check Pods Manifest.lock */,
				EE4FC880275DE3920002ED89 /* Sources */,
				EE4FC881275DE3920002ED89 /* Frameworks */,
				EE4FC882275DE3920002ED89 /* Resources */,
				36381D6A116B2D61D6E7C42F /* [CP] Embed Pods Frameworks */,
			);
			buildRules = (
			);
			dependencies = (
			);
			name = Instgram;
			productName = Instgram;
			productReference = EE4FC884275DE3920002ED89 /* Instgram.app */;
			productType = "com.apple.product-type.application";
		};
/* End PBXNativeTarget section */

/* Begin PBXProject section */
		EE4FC87C275DE3920002ED89 /* Project object */ = {
			isa = PBXProject;
			attributes = {
				BuildIndependentTargetsInParallel = 1;
				LastSwiftUpdateCheck = 1310;
				LastUpgradeCheck = 1310;
				TargetAttributes = {
					EE4FC883275DE3920002ED89 = {
						CreatedOnToolsVersion = 13.1;
					};
				};
			};
			buildConfigurationList = EE4FC87F275DE3920002ED89 /* Build configuration list for PBXProject "Instgram" */;
			compatibilityVersion = "Xcode 13.0";
			developmentRegion = en;
			hasScannedForEncodings = 0;
			knownRegions = (
				en,
				Base,
			);
			mainGroup = EE4FC87B275DE3920002ED89;
			productRefGroup = EE4FC885275DE3920002ED89 /* Products */;
			projectDirPath = "";
			projectRoot = "";
			targets = (
				EE4FC883275DE3920002ED89 /* Instgram */,
			);
		};
/* End PBXProject section */

/* Begin PBXResourcesBuildPhase section */
		EE4FC882275DE3920002ED89 /* Resources */ = {
			isa = PBXResourcesBuildPhase;
			buildActionMask = 2147483647;
			files = (
				EE4FC894275DE3960002ED89 /* LaunchScreen.storyboard in Resources */,
				EEA1A8A42760CF43007C8E2A /* GoogleService-Info.plist in Resources */,
				EE4FC891275DE3960002ED89 /* Assets.xcassets in Resources */,
				EE4FC88F275DE3920002ED89 /* Main.storyboard in Resources */,
			);
			runOnlyForDeploymentPostprocessing = 0;
		};
/* End PBXResourcesBuildPhase section */

/* Begin PBXShellScriptBuildPhase section */
		36381D6A116B2D61D6E7C42F /* [CP] Embed Pods Frameworks */ = {
			isa = PBXShellScriptBuildPhase;
			buildActionMask = 2147483647;
			files = (
			);
			inputFileListPaths = (
				"${PODS_ROOT}/Target Support Files/Pods-Instgram/Pods-Instgram-frameworks-${CONFIGURATION}-input-files.xcfilelist",
			);
			name = "[CP] Embed Pods Frameworks";
			outputFileListPaths = (
				"${PODS_ROOT}/Target Support Files/Pods-Instgram/Pods-Instgram-frameworks-${CONFIGURATION}-output-files.xcfilelist",
			);
			runOnlyForDeploymentPostprocessing = 0;
			shellPath = /bin/sh;
			shellScript = "\"${PODS_ROOT}/Target Support Files/Pods-Instgram/Pods-Instgram-frameworks.sh\"\n";
			showEnvVarsInLog = 0;
		};
		BF08F664126E94F617710AA0 /* [CP] Check Pods Manifest.lock */ = {
			isa = PBXShellScriptBuildPhase;
			buildActionMask = 2147483647;
			files = (
			);
			inputFileListPaths = (
			);
			inputPaths = (
				"${PODS_PODFILE_DIR_PATH}/Podfile.lock",
				"${PODS_ROOT}/Manifest.lock",
			);
			name = "[CP] Check Pods Manifest.lock";
			outputFileListPaths = (
			);
			outputPaths = (
				"$(DERIVED_FILE_DIR)/Pods-Instgram-checkManifestLockResult.txt",
			);
			runOnlyForDeploymentPostprocessing = 0;
			shellPath = /bin/sh;
			shellScript = "diff \"${PODS_PODFILE_DIR_PATH}/Podfile.lock\" \"${PODS_ROOT}/Manifest.lock\" > /dev/null\nif [ $? != 0 ] ; then\n    # print error to STDERR\n    echo \"error: The sandbox is not in sync with the Podfile.lock. Run 'pod install' or update your CocoaPods installation.\" >&2\n    exit 1\nfi\n# This output is used by Xcode 'outputs' to avoid re-running this script phase.\necho \"SUCCESS\" > \"${SCRIPT_OUTPUT_FILE_0}\"\n";
			showEnvVarsInLog = 0;
		};
/* End PBXShellScriptBuildPhase section */

/* Begin PBXSourcesBuildPhase section */
		EE4FC880275DE3920002ED89 /* Sources */ = {
			isa = PBXSourcesBuildPhase;
			buildActionMask = 2147483647;
			files = (
				EE7457012768BC5F00B0CEF3 /* CommentViewModel.swift in Sources */,
				EE76DD7B2765EDD200DA481A /* PostViewModel.swift in Sources */,
				EE806101275FDE28007B2A95 /* CustomTextField.swift in Sources */,
				EE7A6D8227633C4100B1D714 /* PrfileHeaderViewModel.swift in Sources */,
				EE5DB562276737C400F8A740 /* CommentController.swift in Sources */,
				EE80BA0827651743009F4C07 /* UploadPostController.swift in Sources */,
				EE5CDB1F276265A90002F4EE /* ProfileHeader.swift in Sources */,
				EE4FC88C275DE3920002ED89 /* ViewController.swift in Sources */,
				EE8060FD275FC580007B2A95 /* LoginController.swift in Sources */,
				EE70D536275F448F00ADF018 /* Extensions.swift in Sources */,
				EE7456FD276892B300B0CEF3 /* CommentService.swift in Sources */,
				EE7456FF2768B08F00B0CEF3 /* Comment.swift in Sources */,
				EE6014FB2769F8B2008A5073 /* Notification.swift in Sources */,
				EE70D534275F409000ADF018 /* FeedCell.swift in Sources */,
				EE7A6D7C27632BDA00B1D714 /* UserService.swift in Sources */,
				EE621D20276375FC0060196B /* UserCell.swift in Sources */,
				EE4FC8A8275E17450002ED89 /* ImageSelectorController.swift in Sources */,
				EEA1A8A2276093B6007C8E2A /* AuthenticationViewModel.swift in Sources */,
				EE4FC8AA275E17DE0002ED89 /* NotificationsController.swift in Sources */,
				EE7A6D802763342800B1D714 /* User.swift in Sources */,
				EE4FC8A6275E16F30002ED89 /* SearchController.swift in Sources */,
				EE80BA0A27651EE3009F4C07 /* InputTextView.swift in Sources */,
				EE7A6D7E27632C4E00B1D714 /* Constants.swift in Sources */,
				EE4FC888275DE3920002ED89 /* AppDelegate.swift in Sources */,
				EE621D222763A7840060196B /* UserCellViewModel.swift in Sources */,
				EE4FC8AC275E182C0002ED89 /* ProfileController.swift in Sources */,
				EE4FC8A4275DEAF60002ED89 /* FeedController.swift in Sources */,
				EE4FC8A2275DE6270002ED89 /* MainTabController.swift in Sources */,
				EE6014FD2769FDFC008A5073 /* NotificationService.swift in Sources */,
				EE76DD792765E50500DA481A /* Post.swift in Sources */,
				EEA1A8A82760F149007C8E2A /* ImageUploader.swift in Sources */,
				EE60809027675C260047D107 /* CommentInputAccesoryView.swift in Sources */,
				EE76DD772765CC2900DA481A /* PostService.swift in Sources */,
				EEA1A8AA2760F174007C8E2A /* AuthService.swift in Sources */,
				EE5CDB1D2762657C0002F4EE /* ProfileCell.swift in Sources */,
				EE4FC88A275DE3920002ED89 /* SceneDelegate.swift in Sources */,
				EE609CE52769DA46004A16B6 /* NotificationCell.swift in Sources */,
				EE8060FF275FC5DD007B2A95 /* RegistrationController.swift in Sources */,
				EE5DB56427673CA300F8A740 /* CommentCell.swift in Sources */,
			);
			runOnlyForDeploymentPostprocessing = 0;
		};
/* End PBXSourcesBuildPhase section */

/* Begin PBXVariantGroup section */
		EE4FC88D275DE3920002ED89 /* Main.storyboard */ = {
			isa = PBXVariantGroup;
			children = (
				EE4FC88E275DE3920002ED89 /* Base */,
			);
			name = Main.storyboard;
			sourceTree = "<group>";
		};
		EE4FC892275DE3960002ED89 /* LaunchScreen.storyboard */ = {
			isa = PBXVariantGroup;
			children = (
				EE4FC893275DE3960002ED89 /* Base */,
			);
			name = LaunchScreen.storyboard;
			sourceTree = "<group>";
		};
/* End PBXVariantGroup section */

/* Begin XCBuildConfiguration section */
		EE4FC896275DE3960002ED89 /* Debug */ = {
			isa = XCBuildConfiguration;
			buildSettings = {
				ALWAYS_SEARCH_USER_PATHS = NO;
				CLANG_ANALYZER_NONNULL = YES;
				CLANG_ANALYZER_NUMBER_OBJECT_CONVERSION = YES_AGGRESSIVE;
				CLANG_CXX_LANGUAGE_STANDARD = "gnu++17";
				CLANG_CXX_LIBRARY = "libc++";
				CLANG_ENABLE_MODULES = YES;
				CLANG_ENABLE_OBJC_ARC = YES;
				CLANG_ENABLE_OBJC_WEAK = YES;
				CLANG_WARN_BLOCK_CAPTURE_AUTORELEASING = YES;
				CLANG_WARN_BOOL_CONVERSION = YES;
				CLANG_WARN_COMMA = YES;
				CLANG_WARN_CONSTANT_CONVERSION = YES;
				CLANG_WARN_DEPRECATED_OBJC_IMPLEMENTATIONS = YES;
				CLANG_WARN_DIRECT_OBJC_ISA_USAGE = YES_ERROR;
				CLANG_WARN_DOCUMENTATION_COMMENTS = YES;
				CLANG_WARN_EMPTY_BODY = YES;
				CLANG_WARN_ENUM_CONVERSION = YES;
				CLANG_WARN_INFINITE_RECURSION = YES;
				CLANG_WARN_INT_CONVERSION = YES;
				CLANG_WARN_NON_LITERAL_NULL_CONVERSION = YES;
				CLANG_WARN_OBJC_IMPLICIT_RETAIN_SELF = YES;
				CLANG_WARN_OBJC_LITERAL_CONVERSION = YES;
				CLANG_WARN_OBJC_ROOT_CLASS = YES_ERROR;
				CLANG_WARN_QUOTED_INCLUDE_IN_FRAMEWORK_HEADER = YES;
				CLANG_WARN_RANGE_LOOP_ANALYSIS = YES;
				CLANG_WARN_STRICT_PROTOTYPES = YES;
				CLANG_WARN_SUSPICIOUS_MOVE = YES;
				CLANG_WARN_UNGUARDED_AVAILABILITY = YES_AGGRESSIVE;
				CLANG_WARN_UNREACHABLE_CODE = YES;
				CLANG_WARN__DUPLICATE_METHOD_MATCH = YES;
				COPY_PHASE_STRIP = NO;
				DEBUG_INFORMATION_FORMAT = dwarf;
				ENABLE_STRICT_OBJC_MSGSEND = YES;
				ENABLE_TESTABILITY = YES;
				GCC_C_LANGUAGE_STANDARD = gnu11;
				GCC_DYNAMIC_NO_PIC = NO;
				GCC_NO_COMMON_BLOCKS = YES;
				GCC_OPTIMIZATION_LEVEL = 0;
				GCC_PREPROCESSOR_DEFINITIONS = (
					"DEBUG=1",
					"$(inherited)",
				);
				GCC_WARN_64_TO_32_BIT_CONVERSION = YES;
				GCC_WARN_ABOUT_RETURN_TYPE = YES_ERROR;
				GCC_WARN_UNDECLARED_SELECTOR = YES;
				GCC_WARN_UNINITIALIZED_AUTOS = YES_AGGRESSIVE;
				GCC_WARN_UNUSED_FUNCTION = YES;
				GCC_WARN_UNUSED_VARIABLE = YES;
				IPHONEOS_DEPLOYMENT_TARGET = 15.0;
				MTL_ENABLE_DEBUG_INFO = INCLUDE_SOURCE;
				MTL_FAST_MATH = YES;
				ONLY_ACTIVE_ARCH = YES;
				SDKROOT = iphoneos;
				SWIFT_ACTIVE_COMPILATION_CONDITIONS = DEBUG;
				SWIFT_OPTIMIZATION_LEVEL = "-Onone";
			};
			name = Debug;
		};
		EE4FC897275DE3960002ED89 /* Release */ = {
			isa = XCBuildConfiguration;
			buildSettings = {
				ALWAYS_SEARCH_USER_PATHS = NO;
				CLANG_ANALYZER_NONNULL = YES;
				CLANG_ANALYZER_NUMBER_OBJECT_CONVERSION = YES_AGGRESSIVE;
				CLANG_CXX_LANGUAGE_STANDARD = "gnu++17";
				CLANG_CXX_LIBRARY = "libc++";
				CLANG_ENABLE_MODULES = YES;
				CLANG_ENABLE_OBJC_ARC = YES;
				CLANG_ENABLE_OBJC_WEAK = YES;
				CLANG_WARN_BLOCK_CAPTURE_AUTORELEASING = YES;
				CLANG_WARN_BOOL_CONVERSION = YES;
				CLANG_WARN_COMMA = YES;
				CLANG_WARN_CONSTANT_CONVERSION = YES;
				CLANG_WARN_DEPRECATED_OBJC_IMPLEMENTATIONS = YES;
				CLANG_WARN_DIRECT_OBJC_ISA_USAGE = YES_ERROR;
				CLANG_WARN_DOCUMENTATION_COMMENTS = YES;
				CLANG_WARN_EMPTY_BODY = YES;
				CLANG_WARN_ENUM_CONVERSION = YES;
				CLANG_WARN_INFINITE_RECURSION = YES;
				CLANG_WARN_INT_CONVERSION = YES;
				CLANG_WARN_NON_LITERAL_NULL_CONVERSION = YES;
				CLANG_WARN_OBJC_IMPLICIT_RETAIN_SELF = YES;
				CLANG_WARN_OBJC_LITERAL_CONVERSION = YES;
				CLANG_WARN_OBJC_ROOT_CLASS = YES_ERROR;
				CLANG_WARN_QUOTED_INCLUDE_IN_FRAMEWORK_HEADER = YES;
				CLANG_WARN_RANGE_LOOP_ANALYSIS = YES;
				CLANG_WARN_STRICT_PROTOTYPES = YES;
				CLANG_WARN_SUSPICIOUS_MOVE = YES;
				CLANG_WARN_UNGUARDED_AVAILABILITY = YES_AGGRESSIVE;
				CLANG_WARN_UNREACHABLE_CODE = YES;
				CLANG_WARN__DUPLICATE_METHOD_MATCH = YES;
				COPY_PHASE_STRIP = NO;
				DEBUG_INFORMATION_FORMAT = "dwarf-with-dsym";
				ENABLE_NS_ASSERTIONS = NO;
				ENABLE_STRICT_OBJC_MSGSEND = YES;
				GCC_C_LANGUAGE_STANDARD = gnu11;
				GCC_NO_COMMON_BLOCKS = YES;
				GCC_WARN_64_TO_32_BIT_CONVERSION = YES;
				GCC_WARN_ABOUT_RETURN_TYPE = YES_ERROR;
				GCC_WARN_UNDECLARED_SELECTOR = YES;
				GCC_WARN_UNINITIALIZED_AUTOS = YES_AGGRESSIVE;
				GCC_WARN_UNUSED_FUNCTION = YES;
				GCC_WARN_UNUSED_VARIABLE = YES;
				IPHONEOS_DEPLOYMENT_TARGET = 15.0;
				MTL_ENABLE_DEBUG_INFO = NO;
				MTL_FAST_MATH = YES;
				SDKROOT = iphoneos;
				SWIFT_COMPILATION_MODE = wholemodule;
				SWIFT_OPTIMIZATION_LEVEL = "-O";
				VALIDATE_PRODUCT = YES;
			};
			name = Release;
		};
		EE4FC899275DE3960002ED89 /* Debug */ = {
			isa = XCBuildConfiguration;
			baseConfigurationReference = 603842DBC8D1961474377733 /* Pods-Instgram.debug.xcconfig */;
			buildSettings = {
				ASSETCATALOG_COMPILER_APPICON_NAME = AppIcon;
				ASSETCATALOG_COMPILER_GLOBAL_ACCENT_COLOR_NAME = AccentColor;
				CODE_SIGN_ENTITLEMENTS = Instgram/Instgram.entitlements;
				CODE_SIGN_STYLE = Automatic;
				CURRENT_PROJECT_VERSION = 1;
				GENERATE_INFOPLIST_FILE = YES;
				INFOPLIST_FILE = Instgram/Info.plist;
				INFOPLIST_KEY_UIApplicationSupportsIndirectInputEvents = YES;
				INFOPLIST_KEY_UILaunchStoryboardName = LaunchScreen;
				INFOPLIST_KEY_UIMainStoryboardFile = Main;
				INFOPLIST_KEY_UISupportedInterfaceOrientations_iPad = "UIInterfaceOrientationPortrait UIInterfaceOrientationPortraitUpsideDown UIInterfaceOrientationLandscapeLeft UIInterfaceOrientationLandscapeRight";
				INFOPLIST_KEY_UISupportedInterfaceOrientations_iPhone = "UIInterfaceOrientationPortrait UIInterfaceOrientationLandscapeLeft UIInterfaceOrientationLandscapeRight";
				LD_RUNPATH_SEARCH_PATHS = (
					"$(inherited)",
					"@executable_path/Frameworks",
				);
				MARKETING_VERSION = 1.0;
				PRODUCT_BUNDLE_IDENTIFIER = sally.com.Instgram;
				PRODUCT_NAME = "$(TARGET_NAME)";
				SWIFT_EMIT_LOC_STRINGS = YES;
				SWIFT_VERSION = 5.0;
				TARGETED_DEVICE_FAMILY = "1,2";
			};
			name = Debug;
		};
		EE4FC89A275DE3960002ED89 /* Release */ = {
			isa = XCBuildConfiguration;
			baseConfigurationReference = 8C043A53434C569AB07E22FF /* Pods-Instgram.release.xcconfig */;
			buildSettings = {
				ASSETCATALOG_COMPILER_APPICON_NAME = AppIcon;
				ASSETCATALOG_COMPILER_GLOBAL_ACCENT_COLOR_NAME = AccentColor;
				CODE_SIGN_ENTITLEMENTS = Instgram/Instgram.entitlements;
				CODE_SIGN_STYLE = Automatic;
				CURRENT_PROJECT_VERSION = 1;
				GENERATE_INFOPLIST_FILE = YES;
				INFOPLIST_FILE = Instgram/Info.plist;
				INFOPLIST_KEY_UIApplicationSupportsIndirectInputEvents = YES;
				INFOPLIST_KEY_UILaunchStoryboardName = LaunchScreen;
				INFOPLIST_KEY_UIMainStoryboardFile = Main;
				INFOPLIST_KEY_UISupportedInterfaceOrientations_iPad = "UIInterfaceOrientationPortrait UIInterfaceOrientationPortraitUpsideDown UIInterfaceOrientationLandscapeLeft UIInterfaceOrientationLandscapeRight";
				INFOPLIST_KEY_UISupportedInterfaceOrientations_iPhone = "UIInterfaceOrientationPortrait UIInterfaceOrientationLandscapeLeft UIInterfaceOrientationLandscapeRight";
				LD_RUNPATH_SEARCH_PATHS = (
					"$(inherited)",
					"@executable_path/Frameworks",
				);
				MARKETING_VERSION = 1.0;
				PRODUCT_BUNDLE_IDENTIFIER = sally.com.Instgram;
				PRODUCT_NAME = "$(TARGET_NAME)";
				SWIFT_EMIT_LOC_STRINGS = YES;
				SWIFT_VERSION = 5.0;
				TARGETED_DEVICE_FAMILY = "1,2";
			};
			name = Release;
		};
/* End XCBuildConfiguration section */

/* Begin XCConfigurationList section */
		EE4FC87F275DE3920002ED89 /* Build configuration list for PBXProject "Instgram" */ = {
			isa = XCConfigurationList;
			buildConfigurations = (
				EE4FC896275DE3960002ED89 /* Debug */,
				EE4FC897275DE3960002ED89 /* Release */,
			);
			defaultConfigurationIsVisible = 0;
			defaultConfigurationName = Release;
		};
		EE4FC898275DE3960002ED89 /* Build configuration list for PBXNativeTarget "Instgram" */ = {
			isa = XCConfigurationList;
			buildConfigurations = (
				EE4FC899275DE3960002ED89 /* Debug */,
				EE4FC89A275DE3960002ED89 /* Release */,
			);
			defaultConfigurationIsVisible = 0;
			defaultConfigurationName = Release;
		};
/* End XCConfigurationList section */
	};
	rootObject = EE4FC87C275DE3920002ED89 /* Project object */;
}
